
Microsoft Visual Studio Solution File, Format Version 12.00
# Visual Studio Version 17
VisualStudioVersion = 17.4.33122.133
MinimumVisualStudioVersion = 10.0.40219.1
Project("{9A19103F-16F7-4668-BE54-9A1E7A4F7556}") = "Battleships", "Battleships\Battleships.csproj", "{263094B1-005D-40A0-81BE-FCAA633E15EF}"
EndProject
Project("{FAE04EC0-301F-11D3-BF4B-00C04F79EFBC}") = "BattleshipsTests", "BattleshipsTests\BattleshipsTests.csproj", "{9CC16472-AE55-4A9D-9B18-7072E1DA5EA7}"
EndProject
Global
	GlobalSection(SolutionConfigurationPlatforms) = preSolution
		Debug|Any CPU = Debug|Any CPU
		Release|Any CPU = Release|Any CPU
	EndGlobalSection
	GlobalSection(ProjectConfigurationPlatforms) = postSolution
		{263094B1-005D-40A0-81BE-FCAA633E15EF}.Debug|Any CPU.ActiveCfg = Debug|Any CPU
		{263094B1-005D-40A0-81BE-FCAA633E15EF}.Debug|Any CPU.Build.0 = Debug|Any CPU
		{263094B1-005D-40A0-81BE-FCAA633E15EF}.Release|Any CPU.ActiveCfg = Release|Any CPU
		{263094B1-005D-40A0-81BE-FCAA633E15EF}.Release|Any CPU.Build.0 = Release|Any CPU
		{9CC16472-AE55-4A9D-9B18-7072E1DA5EA7}.Debug|Any CPU.ActiveCfg = Debug|Any CPU
		{9CC16472-AE55-4A9D-9B18-7072E1DA5EA7}.Debug|Any CPU.Build.0 = Debug|Any CPU
		{9CC16472-AE55-4A9D-9B18-7072E1DA5EA7}.Release|Any CPU.ActiveCfg = Release|Any CPU
		{9CC16472-AE55-4A9D-9B18-7072E1DA5EA7}.Release|Any CPU.Build.0 = Release|Any CPU
	EndGlobalSection
	GlobalSection(SolutionProperties) = preSolution
		HideSolutionNode = FALSE
	EndGlobalSection
	GlobalSection(ExtensibilityGlobals) = postSolution
		SolutionGuid = {BC556FBE-9C45-4755-A683-D01049A679EB}
	EndGlobalSection
EndGlobal
